
Microsoft Visual Studio Solution File, Format Version 12.00
# Visual Studio Version 17
VisualStudioVersion = 17.5.002.0
MinimumVisualStudioVersion = 10.0.40219.1
Project("{9A19103F-16F7-4668-BE54-9A1E7A4F7556}") = "BackEndAPI", "BackEndAPI.csproj", "{2AC64ECD-0969-4D70-A139-B3E184EA27FB}"
EndProject
Global
	GlobalSection(SolutionConfigurationPlatforms) = preSolution
		Debug|Any CPU = Debug|Any CPU
		Release|Any CPU = Release|Any CPU
	EndGlobalSection
	GlobalSection(ProjectConfigurationPlatforms) = postSolution
		{2AC64ECD-0969-4D70-A139-B3E184EA27FB}.Debug|Any CPU.ActiveCfg = Debug|Any CPU
		{2AC64ECD-0969-4D70-A139-B3E184EA27FB}.Debug|Any CPU.Build.0 = Debug|Any CPU
		{2AC64ECD-0969-4D70-A139-B3E184EA27FB}.Release|Any CPU.ActiveCfg = Release|Any CPU
		{2AC64ECD-0969-4D70-A139-B3E184EA27FB}.Release|Any CPU.Build.0 = Release|Any CPU
	EndGlobalSection
	GlobalSection(SolutionProperties) = preSolution
		HideSolutionNode = FALSE
	EndGlobalSection
	GlobalSection(ExtensibilityGlobals) = postSolution
		SolutionGuid = {F848CAC6-71D3-4562-996C-80B30B7A490F}
	EndGlobalSection
EndGlobal
